
Microsoft Visual Studio Solution File, Format Version 12.00
# Visual Studio Version 16
VisualStudioVersion = 16.0.29806.167
MinimumVisualStudioVersion = 10.0.40219.1
Project("{9A19103F-16F7-4668-BE54-9A1E7A4F7556}") = "COMP2003 API", "COMP2003 API\COMP2003 API.csproj", "{2315D38F-B0EA-4BD1-9BB9-7FDF974B0557}"
EndProject
Project("{FAE04EC0-301F-11D3-BF4B-00C04F79EFBC}") = "COMP2003 API.Tests", "COMP2003 API.tests\COMP2003 API.Tests.csproj", "{15BACFEA-3DDC-452D-859E-2D0DDD7E0A3F}"
EndProject
Global
	GlobalSection(SolutionConfigurationPlatforms) = preSolution
		Debug|Any CPU = Debug|Any CPU
		Release|Any CPU = Release|Any CPU
	EndGlobalSection
	GlobalSection(ProjectConfigurationPlatforms) = postSolution
		{2315D38F-B0EA-4BD1-9BB9-7FDF974B0557}.Debug|Any CPU.ActiveCfg = Debug|Any CPU
		{2315D38F-B0EA-4BD1-9BB9-7FDF974B0557}.Debug|Any CPU.Build.0 = Debug|Any CPU
		{2315D38F-B0EA-4BD1-9BB9-7FDF974B0557}.Release|Any CPU.ActiveCfg = Release|Any CPU
		{2315D38F-B0EA-4BD1-9BB9-7FDF974B0557}.Release|Any CPU.Build.0 = Release|Any CPU
		{15BACFEA-3DDC-452D-859E-2D0DDD7E0A3F}.Debug|Any CPU.ActiveCfg = Debug|Any CPU
		{15BACFEA-3DDC-452D-859E-2D0DDD7E0A3F}.Debug|Any CPU.Build.0 = Debug|Any CPU
		{15BACFEA-3DDC-452D-859E-2D0DDD7E0A3F}.Release|Any CPU.ActiveCfg = Release|Any CPU
		{15BACFEA-3DDC-452D-859E-2D0DDD7E0A3F}.Release|Any CPU.Build.0 = Release|Any CPU
	EndGlobalSection
	GlobalSection(SolutionProperties) = preSolution
		HideSolutionNode = FALSE
	EndGlobalSection
	GlobalSection(ExtensibilityGlobals) = postSolution
		SolutionGuid = {E6FF7EE1-A26E-4AD7-BD35-79CE6DD6110D}
	EndGlobalSection
EndGlobal
